
Microsoft Visual Studio Solution File, Format Version 12.00
# Visual Studio 15
VisualStudioVersion = 15.0.27703.2042
MinimumVisualStudioVersion = 10.0.40219.1
Project("{DDCB4CC0-4488-11E9-B475-0800200C9A66}") = "ADSyncService", "ADSyncService.csproj", "{F2EBEE20-4488-11E9-B475-0800200C9A66}"
EndProject
Global
	GlobalSection(SolutionConfigurationPlatforms) = preSolution
		Debug|Any CPU = Debug|Any CPU
		Release|Any CPU = Release|Any CPU
	EndGlobalSection
	GlobalSection(ProjectConfigurationPlatforms) = postSolution
		{F2EBEE20-4488-11E9-B475-0800200C9A66}.Debug|Any CPU.ActiveCfg = Debug|Any CPU
		{F2EBEE20-4488-11E9-B475-0800200C9A66}.Debug|Any CPU.Build.0 = Debug|Any CPU
		{F2EBEE20-4488-11E9-B475-0800200C9A66}.Release|Any CPU.ActiveCfg = Release|Any CPU
		{F2EBEE20-4488-11E9-B475-0800200C9A66}.Release|Any CPU.Build.0 = Release|Any CPU
	EndGlobalSection
	GlobalSection(SolutionProperties) = preSolution
		HideSolutionNode = FALSE
	EndGlobalSection
	GlobalSection(ExtensibilityGlobals) = postSolution
		SolutionGuid = {1DA7B810-4489-11E9-B475-0800200C9A66}
	EndGlobalSection
EndGlobal
